
Microsoft Visual Studio Solution File, Format Version 12.00
# Visual Studio Version 17
VisualStudioVersion = 17.10.34928.147
MinimumVisualStudioVersion = 10.0.40219.1
Project("{FAE04EC0-301F-11D3-BF4B-00C04F79EFBC}") = "sakila", "sakila\sakila.csproj", "{12687B1F-DA4F-414C-8F28-B0C713388786}"
EndProject
Global
	GlobalSection(SolutionConfigurationPlatforms) = preSolution
		Debug|Any CPU = Debug|Any CPU
		Release|Any CPU = Release|Any CPU
	EndGlobalSection
	GlobalSection(ProjectConfigurationPlatforms) = postSolution
		{12687B1F-DA4F-414C-8F28-B0C713388786}.Debug|Any CPU.ActiveCfg = Debug|Any CPU
		{12687B1F-DA4F-414C-8F28-B0C713388786}.Debug|Any CPU.Build.0 = Debug|Any CPU
		{12687B1F-DA4F-414C-8F28-B0C713388786}.Release|Any CPU.ActiveCfg = Release|Any CPU
		{12687B1F-DA4F-414C-8F28-B0C713388786}.Release|Any CPU.Build.0 = Release|Any CPU
	EndGlobalSection
	GlobalSection(SolutionProperties) = preSolution
		HideSolutionNode = FALSE
	EndGlobalSection
	GlobalSection(ExtensibilityGlobals) = postSolution
		SolutionGuid = {3F4E117A-56E7-44A3-9F21-252DA792F2C9}
	EndGlobalSection
EndGlobal
